// !$*UTF8*$!
{
	archiveVersion = 1;
	classes = {
	};
	objectVersion = 46;
	objects = {

/* Begin PBXBuildFile section */
		E28F1F6815150BC3001B9FD7 /* main.c in Sources */ = {isa = PBXBuildFile; fileRef = E28F1F6715150BC3001B9FD7 /* main.c */; };
		E28F1F6A15150BC3001B9FD7 /* knights.1 in CopyFiles */ = {isa = PBXBuildFile; fileRef = E28F1F6915150BC3001B9FD7 /* knights.1 */; };
/* End PBXBuildFile section */

/* Begin PBXCopyFilesBuildPhase section */
		E28F1F6115150BC3001B9FD7 /* CopyFiles */ = {
			isa = PBXCopyFilesBuildPhase;
			buildActionMask = 2147483647;
			dstPath = /usr/share/man/man1/;
			dstSubfolderSpec = 0;
			files = (
				E28F1F6A15150BC3001B9FD7 /* knights.1 in CopyFiles */,
			);
			runOnlyForDeploymentPostprocessing = 1;
		};
/* End PBXCopyFilesBuildPhase section */

/* Begin PBXFileReference section */
		E28F1F6315150BC3001B9FD7 /* knights */ = {isa = PBXFileReference; explicitFileType = "compiled.mach-o.executable"; includeInIndex = 0; path = knights; sourceTree = BUILT_PRODUCTS_DIR; };
		E28F1F6715150BC3001B9FD7 /* main.c */ = {isa = PBXFileReference; lastKnownFileType = sourcecode.c.c; path = main.c; sourceTree = "<group>"; };
		E28F1F6915150BC3001B9FD7 /* knights.1 */ = {isa = PBXFileReference; lastKnownFileType = text.man; path = knights.1; sourceTree = "<group>"; };
/* End PBXFileReference section */

/* Begin PBXFrameworksBuildPhase section */
		E28F1F6015150BC3001B9FD7 /* Frameworks */ = {
			isa = PBXFrameworksBuildPhase;
			buildActionMask = 2147483647;
			files = (
			);
			runOnlyForDeploymentPostprocessing = 0;
		};
/* End PBXFrameworksBuildPhase section */

/* Begin PBXGroup section */
		E28F1F5815150BC3001B9FD7 = {
			isa = PBXGroup;
			children = (
				E28F1F6615150BC3001B9FD7 /* knights */,
				E28F1F6415150BC3001B9FD7 /* Products */,
			);
			sourceTree = "<group>";
		};
		E28F1F6415150BC3001B9FD7 /* Products */ = {
			isa = PBXGroup;
			children = (
				E28F1F6315150BC3001B9FD7 /* knights */,
			);
			name = Products;
			sourceTree = "<group>";
		};
		E28F1F6615150BC3001B9FD7 /* knights */ = {
			isa = PBXGroup;
			children = (
				E28F1F6715150BC3001B9FD7 /* main.c */,
				E28F1F6915150BC3001B9FD7 /* knights.1 */,
			);
			path = knights;
			sourceTree = "<group>";
		};
/* End PBXGroup section */

/* Begin PBXNativeTarget section */
		E28F1F6215150BC3001B9FD7 /* knights */ = {
			isa = PBXNativeTarget;
			buildConfigurationList = E28F1F6D15150BC3001B9FD7 /* Build configuration list for PBXNativeTarget "knights" */;
			buildPhases = (
				E28F1F5F15150BC3001B9FD7 /* Sources */,
				E28F1F6015150BC3001B9FD7 /* Frameworks */,
				E28F1F6115150BC3001B9FD7 /* CopyFiles */,
			);
			buildRules = (
			);
			dependencies = (
			);
			name = knights;
			productName = knights;
			productReference = E28F1F6315150BC3001B9FD7 /* knights */;
			productType = "com.apple.product-type.tool";
		};
/* End PBXNativeTarget section */

/* Begin PBXProject section */
		E28F1F5A15150BC3001B9FD7 /* Project object */ = {
			isa = PBXProject;
			attributes = {
				LastUpgradeCheck = 0430;
			};
			buildConfigurationList = E28F1F5D15150BC3001B9FD7 /* Build configuration list for PBXProject "knights" */;
			compatibilityVersion = "Xcode 3.2";
			developmentRegion = English;
			hasScannedForEncodings = 0;
			knownRegions = (
				en,
			);
			mainGroup = E28F1F5815150BC3001B9FD7;
			productRefGroup = E28F1F6415150BC3001B9FD7 /* Products */;
			projectDirPath = "";
			projectRoot = "";
			targets = (
				E28F1F6215150BC3001B9FD7 /* knights */,
			);
		};
/* End PBXProject section */

/* Begin PBXSourcesBuildPhase section */
		E28F1F5F15150BC3001B9FD7 /* Sources */ = {
			isa = PBXSourcesBuildPhase;
			buildActionMask = 2147483647;
			files = (
				E28F1F6815150BC3001B9FD7 /* main.c in Sources */,
			);
			runOnlyForDeploymentPostprocessing = 0;
		};
/* End PBXSourcesBuildPhase section */

/* Begin XCBuildConfiguration section */
		E28F1F6B15150BC3001B9FD7 /* Debug */ = {
			isa = XCBuildConfiguration;
			buildSettings = {
				ALWAYS_SEARCH_USER_PATHS = NO;
				ARCHS = "$(ARCHS_STANDARD_64_BIT)";
				CLANG_ENABLE_OBJC_ARC = YES;
				COPY_PHASE_STRIP = NO;
				GCC_C_LANGUAGE_STANDARD = gnu99;
				GCC_DYNAMIC_NO_PIC = NO;
				GCC_ENABLE_OBJC_EXCEPTIONS = YES;
				GCC_OPTIMIZATION_LEVEL = 0;
				GCC_PREPROCESSOR_DEFINITIONS = (
					"DEBUG=1",
					"$(inherited)",
				);
				GCC_SYMBOLS_PRIVATE_EXTERN = NO;
				GCC_VERSION = com.apple.compilers.llvm.clang.1_0;
				GCC_WARN_64_TO_32_BIT_CONVERSION = YES;
				GCC_WARN_ABOUT_RETURN_TYPE = YES;
				GCC_WARN_UNINITIALIZED_AUTOS = YES;
				GCC_WARN_UNUSED_VARIABLE = YES;
				MACOSX_DEPLOYMENT_TARGET = 10.7;
				ONLY_ACTIVE_ARCH = YES;
				SDKROOT = macosx;
			};
			name = Debug;
		};
		E28F1F6C15150BC3001B9FD7 /* Release */ = {
			isa = XCBuildConfiguration;
			buildSettings = {
				ALWAYS_SEARCH_USER_PATHS = NO;
				ARCHS = "$(ARCHS_STANDARD_64_BIT)";
				CLANG_ENABLE_OBJC_ARC = YES;
				COPY_PHASE_STRIP = YES;
				DEBUG_INFORMATION_FORMAT = "dwarf-with-dsym";
				GCC_C_LANGUAGE_STANDARD = gnu99;
				GCC_ENABLE_OBJC_EXCEPTIONS = YES;
				GCC_VERSION = com.apple.compilers.llvm.clang.1_0;
				GCC_WARN_64_TO_32_BIT_CONVERSION = YES;
				GCC_WARN_ABOUT_RETURN_TYPE = YES;
				GCC_WARN_UNINITIALIZED_AUTOS = YES;
				GCC_WARN_UNUSED_VARIABLE = YES;
				MACOSX_DEPLOYMENT_TARGET = 10.7;
				SDKROOT = macosx;
			};
			name = Release;
		};
		E28F1F6E15150BC3001B9FD7 /* Debug */ = {
			isa = XCBuildConfiguration;
			buildSettings = {
				PRODUCT_NAME = "$(TARGET_NAME)";
			};
			name = Debug;
		};
		E28F1F6F15150BC3001B9FD7 /* Release */ = {
			isa = XCBuildConfiguration;
			buildSettings = {
				PRODUCT_NAME = "$(TARGET_NAME)";
			};
			name = Release;
		};
/* End XCBuildConfiguration section */

/* Begin XCConfigurationList section */
		E28F1F5D15150BC3001B9FD7 /* Build configuration list for PBXProject "knights" */ = {
			isa = XCConfigurationList;
			buildConfigurations = (
				E28F1F6B15150BC3001B9FD7 /* Debug */,
				E28F1F6C15150BC3001B9FD7 /* Release */,
			);
			defaultConfigurationIsVisible = 0;
			defaultConfigurationName = Release;
		};
		E28F1F6D15150BC3001B9FD7 /* Build configuration list for PBXNativeTarget "knights" */ = {
			isa = XCConfigurationList;
			buildConfigurations = (
				E28F1F6E15150BC3001B9FD7 /* Debug */,
				E28F1F6F15150BC3001B9FD7 /* Release */,
			);
			defaultConfigurationIsVisible = 0;
		};
/* End XCConfigurationList section */
	};
	rootObject = E28F1F5A15150BC3001B9FD7 /* Project object */;
}
